{
  "name": "aplicacion funcional",
  "lockfileVersion": 3,
  "requires": true,
  "packages": {
    "": {
      "dependencies": {
        "bootstrap-icons": "^1.13.1",
        "sweetalert2": "^11.21.2"
      }
    },
    "node_modules/bootstrap-icons": {
      "version": "1.13.1",
      "resolved": "https://registry.npmjs.org/bootstrap-icons/-/bootstrap-icons-1.13.1.tgz",
      "integrity": "sha512-ijombt4v6bv5CLeXvRWKy7CuM3TRTuPEuGaGKvTV5cz65rQSY8RQ2JcHt6b90cBBAC7s8fsf2EkQDldzCoXUjw==",
      "funding": [
        {
          "type": "github",
          "url": "https://github.com/sponsors/twbs"
        },
        {
          "type": "opencollective",
          "url": "https://opencollective.com/bootstrap"
        }
      ]
    },
    "node_modules/sweetalert2": {
      "version": "11.21.2",
      "resolved": "https://registry.npmjs.org/sweetalert2/-/sweetalert2-11.21.2.tgz",
      "integrity": "sha512-DNNFzx16LBQDZh7r5WOfeAfWZBdEdLHl3+tpO9Z1WWKMzdsgBgpLPBduJWVNMB283HYcm8ex99clLYXki21hdA==",
      "funding": {
        "type": "individual",
        "url": "https://github.com/sponsors/limonte"
      }
    }
  }
}
